
Microsoft Visual Studio Solution File, Format Version 12.00
# Visual Studio Version 17
VisualStudioVersion = 17.0.31903.59
MinimumVisualStudioVersion = 10.0.40219.1
Project("{FAE04EC0-301F-11D3-BF4B-00C04F79EFBC}") = "Fix Server", "Fix Server\Fix Server.csproj", "{D4D3BC61-FF3D-4EAF-B0FC-AF2DB897B228}"
EndProject
Global
	GlobalSection(SolutionConfigurationPlatforms) = preSolution
		Debug|Any CPU = Debug|Any CPU
		Release|Any CPU = Release|Any CPU
	EndGlobalSection
	GlobalSection(ProjectConfigurationPlatforms) = postSolution
		{D4D3BC61-FF3D-4EAF-B0FC-AF2DB897B228}.Debug|Any CPU.ActiveCfg = Debug|Any CPU
		{D4D3BC61-FF3D-4EAF-B0FC-AF2DB897B228}.Debug|Any CPU.Build.0 = Debug|Any CPU
		{D4D3BC61-FF3D-4EAF-B0FC-AF2DB897B228}.Release|Any CPU.ActiveCfg = Release|Any CPU
		{D4D3BC61-FF3D-4EAF-B0FC-AF2DB897B228}.Release|Any CPU.Build.0 = Release|Any CPU
	EndGlobalSection
	GlobalSection(SolutionProperties) = preSolution
		HideSolutionNode = FALSE
	EndGlobalSection
	GlobalSection(ExtensibilityGlobals) = postSolution
		SolutionGuid = {BFAC4BF5-C320-4106-90F1-3A89982B6C45}
	EndGlobalSection
EndGlobal
